
Microsoft Visual Studio Solution File, Format Version 10.00
# Visual Studio 2008
Project("{8BC9CEB8-8B4A-11D0-8D11-00A0C91BC942}") = "KETI_Simulator", "KETI_Simulator.vcproj", "{6A10FB43-1D97-43C5-A77C-73BF1AEA8002}"
EndProject
Global
	GlobalSection(SolutionConfigurationPlatforms) = preSolution
		Debug|Win32 = Debug|Win32
		Release|Win32 = Release|Win32
	EndGlobalSection
	GlobalSection(ProjectConfigurationPlatforms) = postSolution
		{6A10FB43-1D97-43C5-A77C-73BF1AEA8002}.Debug|Win32.ActiveCfg = Debug|Win32
		{6A10FB43-1D97-43C5-A77C-73BF1AEA8002}.Debug|Win32.Build.0 = Debug|Win32
		{6A10FB43-1D97-43C5-A77C-73BF1AEA8002}.Release|Win32.ActiveCfg = Release|Win32
		{6A10FB43-1D97-43C5-A77C-73BF1AEA8002}.Release|Win32.Build.0 = Release|Win32
	EndGlobalSection
	GlobalSection(SolutionProperties) = preSolution
		HideSolutionNode = FALSE
	EndGlobalSection
EndGlobal
